{
    "_readme": [
        "This file locks the dependencies of your project to a known state",
        "Read more about it at https://getcomposer.org/doc/01-basic-usage.md#installing-dependencies",
        "This file is @generated automatically"
    ],
    "content-hash": "193f95b7a98eca4688196f8cd72dbf68",
    "packages": [
        {
            "name": "brain/cortex",
            "version": "1.0.0-alpha.7",
            "source": {
                "type": "git",
                "url": "https://github.com/Brain-WP/Cortex.git",
                "reference": "0f33ad8578fa051ab5e46e14c9478df4d728e49a"
            },
            "dist": {
                "type": "zip",
                "url": "https://api.github.com/repos/Brain-WP/Cortex/zipball/0f33ad8578fa051ab5e46e14c9478df4d728e49a",
                "reference": "0f33ad8578fa051ab5e46e14c9478df4d728e49a",
                "shasum": ""
            },
            "require": {
                "nikic/fast-route": "~0.7.0",
                "php": ">=5.5",
                "psr/http-message": "*"
            },
            "require-dev": {
                "brain/monkey": "~1.2.0",
                "gmazzap/andrew": "~1.0.0",
                "mockery/mockery": "0.9.3",
                "phpunit/phpunit": "4.8.*"
            },
            "type": "library",
            "autoload": {
                "psr-4": {
                    "Brain\\": "src/"
                }
            },
            "notification-url": "https://packagist.org/downloads/",
            "license": [
                "MIT"
            ],
            "authors": [
                {
                    "name": "Giuseppe Mazzapica",
                    "email": "giuseppe.mazzapica@gmail.com",
                    "homepage": "http://gm.zoomlab.it",
                    "role": "Developer"
                }
            ],
            "description": "Cortex is a package that implements a routing system in WordPress.",
            "homepage": "https://github.com/Brain-WP/Cortex",
            "keywords": [
                "fast route",
                "pretty permalink",
                "rewrite rules",
                "router",
                "routing",
                "wordpress"
            ],
            "time": "2016-07-14T19:53:27+00:00"
        },
        {
            "name": "nikic/fast-route",
            "version": "v0.7.0",
            "source": {
                "type": "git",
                "url": "https://github.com/nikic/FastRoute.git",
                "reference": "8164b4a0d8afde4eae5f1bfc39084972ba23ad36"
            },
            "dist": {
                "type": "zip",
                "url": "https://api.github.com/repos/nikic/FastRoute/zipball/8164b4a0d8afde4eae5f1bfc39084972ba23ad36",
                "reference": "8164b4a0d8afde4eae5f1bfc39084972ba23ad36",
                "shasum": ""
            },
            "require": {
                "php": ">=5.4.0"
            },
            "type": "library",
            "autoload": {
                "psr-4": {
                    "FastRoute\\": "src/"
                },
                "files": [
                    "src/functions.php"
                ]
            },
            "notification-url": "https://packagist.org/downloads/",
            "license": [
                "BSD-3-Clause"
            ],
            "authors": [
                {
                    "name": "Nikita Popov",
                    "email": "nikic@php.net"
                }
            ],
            "description": "Fast request router for PHP",
            "keywords": [
                "router",
                "routing"
            ],
            "time": "2015-12-20T19:50:12+00:00"
        },
        {
            "name": "psr/http-message",
            "version": "dev-master",
            "source": {
                "type": "git",
                "url": "https://github.com/php-fig/http-message.git",
                "reference": "f6561bf28d520154e4b0ec72be95418abe6d9363"
            },
            "dist": {
                "type": "zip",
                "url": "https://api.github.com/repos/php-fig/http-message/zipball/f6561bf28d520154e4b0ec72be95418abe6d9363",
                "reference": "f6561bf28d520154e4b0ec72be95418abe6d9363",
                "shasum": ""
            },
            "require": {
                "php": ">=5.3.0"
            },
            "type": "library",
            "extra": {
                "branch-alias": {
                    "dev-master": "1.0.x-dev"
                }
            },
            "autoload": {
                "psr-4": {
                    "Psr\\Http\\Message\\": "src/"
                }
            },
            "notification-url": "https://packagist.org/downloads/",
            "license": [
                "MIT"
            ],
            "authors": [
                {
                    "name": "PHP-FIG",
                    "homepage": "http://www.php-fig.org/"
                }
            ],
            "description": "Common interface for HTTP messages",
            "homepage": "https://github.com/php-fig/http-message",
            "keywords": [
                "http",
                "http-message",
                "psr",
                "psr-7",
                "request",
                "response"
            ],
            "time": "2016-08-06T14:39:51+00:00"
        }
    ],
    "packages-dev": [],
    "aliases": [],
    "minimum-stability": "dev",
    "stability-flags": [],
    "prefer-stable": false,
    "prefer-lowest": false,
    "platform": [],
    "platform-dev": []
}
